
Microsoft Visual Studio Solution File, Format Version 12.00
# Visual Studio Version 16
VisualStudioVersion = 16.0.31702.278
MinimumVisualStudioVersion = 10.0.40219.1
Project("{FAE04EC0-301F-11D3-BF4B-00C04F79EFBC}") = "ProjetoElevador_Documentacao", "ProjetoElevador_Documentacao\ProjetoElevador_Documentacao.csproj", "{D3194AB3-C626-4EC8-8686-990C4236B464}"
EndProject
Global
	GlobalSection(SolutionConfigurationPlatforms) = preSolution
		Debug|Any CPU = Debug|Any CPU
		Release|Any CPU = Release|Any CPU
	EndGlobalSection
	GlobalSection(ProjectConfigurationPlatforms) = postSolution
		{D3194AB3-C626-4EC8-8686-990C4236B464}.Debug|Any CPU.ActiveCfg = Debug|Any CPU
		{D3194AB3-C626-4EC8-8686-990C4236B464}.Debug|Any CPU.Build.0 = Debug|Any CPU
		{D3194AB3-C626-4EC8-8686-990C4236B464}.Release|Any CPU.ActiveCfg = Release|Any CPU
		{D3194AB3-C626-4EC8-8686-990C4236B464}.Release|Any CPU.Build.0 = Release|Any CPU
	EndGlobalSection
	GlobalSection(SolutionProperties) = preSolution
		HideSolutionNode = FALSE
	EndGlobalSection
	GlobalSection(ExtensibilityGlobals) = postSolution
		SolutionGuid = {74980650-0DBB-4809-8882-A95899487F23}
	EndGlobalSection
EndGlobal
